<?xml version="1.0" encoding="utf-8"?>
<Project ToolsVersion="16.0" xmlns="http://schemas.microsoft.com/developer/msbuild/2003">
  <ItemGroup>
    <CustomBuild Include="C:\Users\student\Downloads\bullet3-master\bullet3-master\build_cmake\CMakeFiles\d61c9f8b878deee235b54f48c9198c69\INSTALL_force.rule">
      <Filter>CMake Rules</Filter>
    </CustomBuild>
  </ItemGroup>
  <ItemGroup>
    <Filter Include="CMake Rules">
      <UniqueIdentifier>{85B02CBF-4706-3AE3-9A08-B203A585BB5A}</UniqueIdentifier>
    </Filter>
  </ItemGroup>
</Project>
